
Microsoft Visual Studio Solution File, Format Version 12.00
# Visual Studio Version 16
VisualStudioVersion = 16.0.31911.196
MinimumVisualStudioVersion = 10.0.40219.1
Project("{9A19103F-16F7-4668-BE54-9A1E7A4F7556}") = "WebApplication1", "WebApplication1.csproj", "{1BF60E88-A4BD-4D1C-9774-571BD9039EF6}"
EndProject
Project("{FAE04EC0-301F-11D3-BF4B-00C04F79EFBC}") = "Api2", "..\Api2\Api2.csproj", "{B09DE2F5-C372-4373-B1EF-DAB1B630797F}"
EndProject
Global
	GlobalSection(SolutionConfigurationPlatforms) = preSolution
		Debug|Any CPU = Debug|Any CPU
		Release|Any CPU = Release|Any CPU
	EndGlobalSection
	GlobalSection(ProjectConfigurationPlatforms) = postSolution
		{1BF60E88-A4BD-4D1C-9774-571BD9039EF6}.Debug|Any CPU.ActiveCfg = Debug|Any CPU
		{1BF60E88-A4BD-4D1C-9774-571BD9039EF6}.Debug|Any CPU.Build.0 = Debug|Any CPU
		{1BF60E88-A4BD-4D1C-9774-571BD9039EF6}.Release|Any CPU.ActiveCfg = Release|Any CPU
		{1BF60E88-A4BD-4D1C-9774-571BD9039EF6}.Release|Any CPU.Build.0 = Release|Any CPU
		{B09DE2F5-C372-4373-B1EF-DAB1B630797F}.Debug|Any CPU.ActiveCfg = Debug|Any CPU
		{B09DE2F5-C372-4373-B1EF-DAB1B630797F}.Debug|Any CPU.Build.0 = Debug|Any CPU
		{B09DE2F5-C372-4373-B1EF-DAB1B630797F}.Release|Any CPU.ActiveCfg = Release|Any CPU
		{B09DE2F5-C372-4373-B1EF-DAB1B630797F}.Release|Any CPU.Build.0 = Release|Any CPU
	EndGlobalSection
	GlobalSection(SolutionProperties) = preSolution
		HideSolutionNode = FALSE
	EndGlobalSection
	GlobalSection(ExtensibilityGlobals) = postSolution
		SolutionGuid = {D9995FFD-DDD9-457C-AE32-76B218F269A4}
	EndGlobalSection
EndGlobal
